
Microsoft Visual Studio Solution File, Format Version 12.00
# Visual Studio Version 17
VisualStudioVersion = 17.10.35027.167
MinimumVisualStudioVersion = 10.0.40219.1
Project("{9A19103F-16F7-4668-BE54-9A1E7A4F7556}") = "Backend.SecurityEducation.API", "Backend.SecurityEducation.API\Backend.SecurityEducation.API.csproj", "{B3FA10A1-3677-47C3-8677-55091D9E8C8B}"
EndProject
Project("{FAE04EC0-301F-11D3-BF4B-00C04F79EFBC}") = "Backend.SecurityEducation.Modelo", "Backend.SecurityEducation.Modelo\Backend.SecurityEducation.Modelo.csproj", "{203E14B1-7C00-4EA7-A817-62699CD070E0}"
EndProject
Project("{FAE04EC0-301F-11D3-BF4B-00C04F79EFBC}") = "Backend.SecurityEducation.AccesoDatos", "Backend.SecurityEducation.AccesoDatos\Backend.SecurityEducation.AccesoDatos.csproj", "{D2AE4520-4161-4B3E-9AFA-D42D3E24FAAA}"
EndProject
Project("{FAE04EC0-301F-11D3-BF4B-00C04F79EFBC}") = "Backend.SecurityEducation.Aplicacion", "Backend.SecurityEducation.Aplicacion\Backend.SecurityEducation.Aplicacion.csproj", "{847FA45E-C539-46E8-B241-5F05F6544E87}"
EndProject
Project("{FAE04EC0-301F-11D3-BF4B-00C04F79EFBC}") = "Backend.SecurityEducation.Infraestructura", "Backend.SecurityEducation.Infraestructura\Backend.SecurityEducation.Infraestructura.csproj", "{D9AEDCBB-51B4-4892-AEB1-125696993AED}"
EndProject
Global
	GlobalSection(SolutionConfigurationPlatforms) = preSolution
		Debug|Any CPU = Debug|Any CPU
		Release|Any CPU = Release|Any CPU
	EndGlobalSection
	GlobalSection(ProjectConfigurationPlatforms) = postSolution
		{B3FA10A1-3677-47C3-8677-55091D9E8C8B}.Debug|Any CPU.ActiveCfg = Debug|Any CPU
		{B3FA10A1-3677-47C3-8677-55091D9E8C8B}.Debug|Any CPU.Build.0 = Debug|Any CPU
		{B3FA10A1-3677-47C3-8677-55091D9E8C8B}.Release|Any CPU.ActiveCfg = Release|Any CPU
		{B3FA10A1-3677-47C3-8677-55091D9E8C8B}.Release|Any CPU.Build.0 = Release|Any CPU
		{203E14B1-7C00-4EA7-A817-62699CD070E0}.Debug|Any CPU.ActiveCfg = Debug|Any CPU
		{203E14B1-7C00-4EA7-A817-62699CD070E0}.Debug|Any CPU.Build.0 = Debug|Any CPU
		{203E14B1-7C00-4EA7-A817-62699CD070E0}.Release|Any CPU.ActiveCfg = Release|Any CPU
		{203E14B1-7C00-4EA7-A817-62699CD070E0}.Release|Any CPU.Build.0 = Release|Any CPU
		{D2AE4520-4161-4B3E-9AFA-D42D3E24FAAA}.Debug|Any CPU.ActiveCfg = Debug|Any CPU
		{D2AE4520-4161-4B3E-9AFA-D42D3E24FAAA}.Debug|Any CPU.Build.0 = Debug|Any CPU
		{D2AE4520-4161-4B3E-9AFA-D42D3E24FAAA}.Release|Any CPU.ActiveCfg = Release|Any CPU
		{D2AE4520-4161-4B3E-9AFA-D42D3E24FAAA}.Release|Any CPU.Build.0 = Release|Any CPU
		{847FA45E-C539-46E8-B241-5F05F6544E87}.Debug|Any CPU.ActiveCfg = Debug|Any CPU
		{847FA45E-C539-46E8-B241-5F05F6544E87}.Debug|Any CPU.Build.0 = Debug|Any CPU
		{847FA45E-C539-46E8-B241-5F05F6544E87}.Release|Any CPU.ActiveCfg = Release|Any CPU
		{847FA45E-C539-46E8-B241-5F05F6544E87}.Release|Any CPU.Build.0 = Release|Any CPU
		{D9AEDCBB-51B4-4892-AEB1-125696993AED}.Debug|Any CPU.ActiveCfg = Debug|Any CPU
		{D9AEDCBB-51B4-4892-AEB1-125696993AED}.Debug|Any CPU.Build.0 = Debug|Any CPU
		{D9AEDCBB-51B4-4892-AEB1-125696993AED}.Release|Any CPU.ActiveCfg = Release|Any CPU
		{D9AEDCBB-51B4-4892-AEB1-125696993AED}.Release|Any CPU.Build.0 = Release|Any CPU
	EndGlobalSection
	GlobalSection(SolutionProperties) = preSolution
		HideSolutionNode = FALSE
	EndGlobalSection
	GlobalSection(ExtensibilityGlobals) = postSolution
		SolutionGuid = {45C0EAD7-5B10-4E35-8C15-122FB99712AC}
	EndGlobalSection
EndGlobal
